
Microsoft Visual Studio Solution File, Format Version 12.00
# Visual Studio Version 16
VisualStudioVersion = 16.0.31005.135
MinimumVisualStudioVersion = 10.0.40219.1
Project("{8BC9CEB8-8B4A-11D0-8D11-00A0C91BC942}") = "ChugFour", "ChugFour.vcxproj", "{CCC7A05A-09E0-31C6-B561-A0FE68538D1A}"
EndProject
Global
	GlobalSection(SolutionConfigurationPlatforms) = preSolution
		Debug|x64 = Debug|x64
		Release|x64 = Release|x64
	EndGlobalSection
	GlobalSection(ProjectConfigurationPlatforms) = postSolution
		{CCC7A05A-09E0-31C6-B561-A0FE68538D1A}.Debug|x64.ActiveCfg = Debug|x64
		{CCC7A05A-09E0-31C6-B561-A0FE68538D1A}.Debug|x64.Build.0 = Debug|x64
		{CCC7A05A-09E0-31C6-B561-A0FE68538D1A}.Release|x64.ActiveCfg = Release|x64
		{CCC7A05A-09E0-31C6-B561-A0FE68538D1A}.Release|x64.Build.0 = Release|x64
	EndGlobalSection
	GlobalSection(SolutionProperties) = preSolution
		HideSolutionNode = FALSE
	EndGlobalSection
	GlobalSection(ExtensibilityGlobals) = postSolution
		SolutionGuid = {2B925436-3B6F-4599-ABEB-B1EBBAD1BCEC}
	EndGlobalSection
EndGlobal
